
Microsoft Visual Studio Solution File, Format Version 12.00
Project("{2150E333-8FDC-42A3-9474-1A3956D46DE8}") = "Onion-Core", "Onion-Core", "{8685C8D1-FE70-435E-B402-2FF547096F54}"
EndProject
Project("{2150E333-8FDC-42A3-9474-1A3956D46DE8}") = "Onion-Infrastructure", "Onion-Infrastructure", "{9A4D2006-6A28-4067-9316-996A5B55443A}"
EndProject
Project("{2150E333-8FDC-42A3-9474-1A3956D46DE8}") = "Onion-Presentaion", "Onion-Presentaion", "{546B2B82-265A-45EE-A740-60AD92A58A06}"
EndProject
Project("{FAE04EC0-301F-11D3-BF4B-00C04F79EFBC}") = "InnoTech.LegosForLife.Core", "InnoTech.LegosForLife.Core\InnoTech.LegosForLife.Core.csproj", "{127E6DC7-2DFE-4ABC-BC19-B7A98F1BCEF4}"
EndProject
Project("{FAE04EC0-301F-11D3-BF4B-00C04F79EFBC}") = "InnoTech.LegosForLife.Domain", "InnoTech.LegosForLife.Domain\InnoTech.LegosForLife.Domain.csproj", "{B3A291AF-5CF0-422D-A4B6-F4B7DFB3818D}"
EndProject
Project("{FAE04EC0-301F-11D3-BF4B-00C04F79EFBC}") = "InnoTech.LegosForLife.DataAccess", "InnoTech.LegosForLife.DataAccess\InnoTech.LegosForLife.DataAccess.csproj", "{5C551F5D-96C4-4996-8601-04F231BF9F76}"
EndProject
Project("{FAE04EC0-301F-11D3-BF4B-00C04F79EFBC}") = "InnoTech.LegosForLife.WebApi", "InnoTech.LegosForLife.WebApi\InnoTech.LegosForLife.WebApi.csproj", "{899CB34F-2A56-47AF-80F9-EB83F3316BB9}"
EndProject
Project("{FAE04EC0-301F-11D3-BF4B-00C04F79EFBC}") = "InnoTech.LegosForLife.Security", "InnoTech.LegosForLife.Security\InnoTech.LegosForLife.Security.csproj", "{C6A9E4D9-31F3-41A3-9A24-EF1291E77185}"
EndProject
Project("{2150E333-8FDC-42A3-9474-1A3956D46DE8}") = "Onion-Core-Test", "Onion-Core-Test", "{5FE8EB17-34A8-4844-9108-CAEE50539509}"
EndProject
Project("{FAE04EC0-301F-11D3-BF4B-00C04F79EFBC}") = "InnoTech.LegosForLife.Core.Test", "InnoTech.LegosForLife.Core.Test\InnoTech.LegosForLife.Core.Test.csproj", "{8C3A6CCD-7985-4B5E-BC77-3CF55B250CE1}"
EndProject
Project("{FAE04EC0-301F-11D3-BF4B-00C04F79EFBC}") = "InnoTech.LegosForLife.Domain.Test", "InnoTech.LegosForLife.Domain.Test\InnoTech.LegosForLife.Domain.Test.csproj", "{F8E68C40-EA51-4A4C-81CD-D6A11E92A525}"
EndProject
Project("{2150E333-8FDC-42A3-9474-1A3956D46DE8}") = "Onion-Infrastructure-Test", "Onion-Infrastructure-Test", "{2E29F255-BAC4-4E39-A8E7-263E36AB7188}"
EndProject
Project("{FAE04EC0-301F-11D3-BF4B-00C04F79EFBC}") = "InnoTech.LegosForLife.DataAccess.Test", "InnoTech.LegosForLife.DataAccess.Test\InnoTech.LegosForLife.DataAccess.Test.csproj", "{EBBBCAC5-00FF-4F30-AA9C-543AD6321A11}"
EndProject
Project("{2150E333-8FDC-42A3-9474-1A3956D46DE8}") = "Onion-Presentation-Test", "Onion-Presentation-Test", "{999690FC-183D-43AE-89C1-9DE4C38EEDAB}"
EndProject
Project("{FAE04EC0-301F-11D3-BF4B-00C04F79EFBC}") = "InnoTech.LegosForLife.WebApi.Test", "InnoTech.LegosForLife.WebApi.Test\InnoTech.LegosForLife.WebApi.Test.csproj", "{20945BF4-220F-4FD6-AE83-A43B67190705}"
EndProject
Global
	GlobalSection(SolutionConfigurationPlatforms) = preSolution
		Debug|Any CPU = Debug|Any CPU
		Release|Any CPU = Release|Any CPU
	EndGlobalSection
	GlobalSection(NestedProjects) = preSolution
		{127E6DC7-2DFE-4ABC-BC19-B7A98F1BCEF4} = {8685C8D1-FE70-435E-B402-2FF547096F54}
		{B3A291AF-5CF0-422D-A4B6-F4B7DFB3818D} = {8685C8D1-FE70-435E-B402-2FF547096F54}
		{5C551F5D-96C4-4996-8601-04F231BF9F76} = {9A4D2006-6A28-4067-9316-996A5B55443A}
		{899CB34F-2A56-47AF-80F9-EB83F3316BB9} = {546B2B82-265A-45EE-A740-60AD92A58A06}
		{C6A9E4D9-31F3-41A3-9A24-EF1291E77185} = {9A4D2006-6A28-4067-9316-996A5B55443A}
		{8C3A6CCD-7985-4B5E-BC77-3CF55B250CE1} = {5FE8EB17-34A8-4844-9108-CAEE50539509}
		{F8E68C40-EA51-4A4C-81CD-D6A11E92A525} = {5FE8EB17-34A8-4844-9108-CAEE50539509}
		{EBBBCAC5-00FF-4F30-AA9C-543AD6321A11} = {2E29F255-BAC4-4E39-A8E7-263E36AB7188}
		{20945BF4-220F-4FD6-AE83-A43B67190705} = {999690FC-183D-43AE-89C1-9DE4C38EEDAB}
	EndGlobalSection
	GlobalSection(ProjectConfigurationPlatforms) = postSolution
		{127E6DC7-2DFE-4ABC-BC19-B7A98F1BCEF4}.Debug|Any CPU.ActiveCfg = Debug|Any CPU
		{127E6DC7-2DFE-4ABC-BC19-B7A98F1BCEF4}.Debug|Any CPU.Build.0 = Debug|Any CPU
		{127E6DC7-2DFE-4ABC-BC19-B7A98F1BCEF4}.Release|Any CPU.ActiveCfg = Release|Any CPU
		{127E6DC7-2DFE-4ABC-BC19-B7A98F1BCEF4}.Release|Any CPU.Build.0 = Release|Any CPU
		{B3A291AF-5CF0-422D-A4B6-F4B7DFB3818D}.Debug|Any CPU.ActiveCfg = Debug|Any CPU
		{B3A291AF-5CF0-422D-A4B6-F4B7DFB3818D}.Debug|Any CPU.Build.0 = Debug|Any CPU
		{B3A291AF-5CF0-422D-A4B6-F4B7DFB3818D}.Release|Any CPU.ActiveCfg = Release|Any CPU
		{B3A291AF-5CF0-422D-A4B6-F4B7DFB3818D}.Release|Any CPU.Build.0 = Release|Any CPU
		{5C551F5D-96C4-4996-8601-04F231BF9F76}.Debug|Any CPU.ActiveCfg = Debug|Any CPU
		{5C551F5D-96C4-4996-8601-04F231BF9F76}.Debug|Any CPU.Build.0 = Debug|Any CPU
		{5C551F5D-96C4-4996-8601-04F231BF9F76}.Release|Any CPU.ActiveCfg = Release|Any CPU
		{5C551F5D-96C4-4996-8601-04F231BF9F76}.Release|Any CPU.Build.0 = Release|Any CPU
		{899CB34F-2A56-47AF-80F9-EB83F3316BB9}.Debug|Any CPU.ActiveCfg = Debug|Any CPU
		{899CB34F-2A56-47AF-80F9-EB83F3316BB9}.Debug|Any CPU.Build.0 = Debug|Any CPU
		{899CB34F-2A56-47AF-80F9-EB83F3316BB9}.Release|Any CPU.ActiveCfg = Release|Any CPU
		{899CB34F-2A56-47AF-80F9-EB83F3316BB9}.Release|Any CPU.Build.0 = Release|Any CPU
		{C6A9E4D9-31F3-41A3-9A24-EF1291E77185}.Debug|Any CPU.ActiveCfg = Debug|Any CPU
		{C6A9E4D9-31F3-41A3-9A24-EF1291E77185}.Debug|Any CPU.Build.0 = Debug|Any CPU
		{C6A9E4D9-31F3-41A3-9A24-EF1291E77185}.Release|Any CPU.ActiveCfg = Release|Any CPU
		{C6A9E4D9-31F3-41A3-9A24-EF1291E77185}.Release|Any CPU.Build.0 = Release|Any CPU
		{8C3A6CCD-7985-4B5E-BC77-3CF55B250CE1}.Debug|Any CPU.ActiveCfg = Debug|Any CPU
		{8C3A6CCD-7985-4B5E-BC77-3CF55B250CE1}.Debug|Any CPU.Build.0 = Debug|Any CPU
		{8C3A6CCD-7985-4B5E-BC77-3CF55B250CE1}.Release|Any CPU.ActiveCfg = Release|Any CPU
		{8C3A6CCD-7985-4B5E-BC77-3CF55B250CE1}.Release|Any CPU.Build.0 = Release|Any CPU
		{F8E68C40-EA51-4A4C-81CD-D6A11E92A525}.Debug|Any CPU.ActiveCfg = Debug|Any CPU
		{F8E68C40-EA51-4A4C-81CD-D6A11E92A525}.Debug|Any CPU.Build.0 = Debug|Any CPU
		{F8E68C40-EA51-4A4C-81CD-D6A11E92A525}.Release|Any CPU.ActiveCfg = Release|Any CPU
		{F8E68C40-EA51-4A4C-81CD-D6A11E92A525}.Release|Any CPU.Build.0 = Release|Any CPU
		{EBBBCAC5-00FF-4F30-AA9C-543AD6321A11}.Debug|Any CPU.ActiveCfg = Debug|Any CPU
		{EBBBCAC5-00FF-4F30-AA9C-543AD6321A11}.Debug|Any CPU.Build.0 = Debug|Any CPU
		{EBBBCAC5-00FF-4F30-AA9C-543AD6321A11}.Release|Any CPU.ActiveCfg = Release|Any CPU
		{EBBBCAC5-00FF-4F30-AA9C-543AD6321A11}.Release|Any CPU.Build.0 = Release|Any CPU
		{20945BF4-220F-4FD6-AE83-A43B67190705}.Debug|Any CPU.ActiveCfg = Debug|Any CPU
		{20945BF4-220F-4FD6-AE83-A43B67190705}.Debug|Any CPU.Build.0 = Debug|Any CPU
		{20945BF4-220F-4FD6-AE83-A43B67190705}.Release|Any CPU.ActiveCfg = Release|Any CPU
		{20945BF4-220F-4FD6-AE83-A43B67190705}.Release|Any CPU.Build.0 = Release|Any CPU
	EndGlobalSection
EndGlobal
